
Microsoft Visual Studio Solution File, Format Version 11.00
# Visual Studio 2010
Project("{FAE04EC0-301F-11D3-BF4B-00C04F79EFBC}") = "DrawHtml", "DrawHtml\DrawHtml.csproj", "{463748E9-0BFD-4758-953C-6F04BEAD6C32}"
EndProject
Project("{FAE04EC0-301F-11D3-BF4B-00C04F79EFBC}") = "DrawEngin", "DrawEngin\DrawEngin.csproj", "{29F37316-AF20-4293-A32E-D3ECCF2B0DBF}"
EndProject
Global
	GlobalSection(SolutionConfigurationPlatforms) = preSolution
		Debug|Any CPU = Debug|Any CPU
		Debug|Mixed Platforms = Debug|Mixed Platforms
		Debug|x86 = Debug|x86
		Release|Any CPU = Release|Any CPU
		Release|Mixed Platforms = Release|Mixed Platforms
		Release|x86 = Release|x86
	EndGlobalSection
	GlobalSection(ProjectConfigurationPlatforms) = postSolution
		{463748E9-0BFD-4758-953C-6F04BEAD6C32}.Debug|Any CPU.ActiveCfg = Debug|x86
		{463748E9-0BFD-4758-953C-6F04BEAD6C32}.Debug|Mixed Platforms.ActiveCfg = Debug|x86
		{463748E9-0BFD-4758-953C-6F04BEAD6C32}.Debug|Mixed Platforms.Build.0 = Debug|x86
		{463748E9-0BFD-4758-953C-6F04BEAD6C32}.Debug|x86.ActiveCfg = Debug|x86
		{463748E9-0BFD-4758-953C-6F04BEAD6C32}.Debug|x86.Build.0 = Debug|x86
		{463748E9-0BFD-4758-953C-6F04BEAD6C32}.Release|Any CPU.ActiveCfg = Release|x86
		{463748E9-0BFD-4758-953C-6F04BEAD6C32}.Release|Mixed Platforms.ActiveCfg = Release|x86
		{463748E9-0BFD-4758-953C-6F04BEAD6C32}.Release|Mixed Platforms.Build.0 = Release|x86
		{463748E9-0BFD-4758-953C-6F04BEAD6C32}.Release|x86.ActiveCfg = Release|x86
		{463748E9-0BFD-4758-953C-6F04BEAD6C32}.Release|x86.Build.0 = Release|x86
		{29F37316-AF20-4293-A32E-D3ECCF2B0DBF}.Debug|Any CPU.ActiveCfg = Debug|Any CPU
		{29F37316-AF20-4293-A32E-D3ECCF2B0DBF}.Debug|Any CPU.Build.0 = Debug|Any CPU
		{29F37316-AF20-4293-A32E-D3ECCF2B0DBF}.Debug|Mixed Platforms.ActiveCfg = Debug|Any CPU
		{29F37316-AF20-4293-A32E-D3ECCF2B0DBF}.Debug|Mixed Platforms.Build.0 = Debug|Any CPU
		{29F37316-AF20-4293-A32E-D3ECCF2B0DBF}.Debug|x86.ActiveCfg = Debug|Any CPU
		{29F37316-AF20-4293-A32E-D3ECCF2B0DBF}.Release|Any CPU.ActiveCfg = Release|Any CPU
		{29F37316-AF20-4293-A32E-D3ECCF2B0DBF}.Release|Any CPU.Build.0 = Release|Any CPU
		{29F37316-AF20-4293-A32E-D3ECCF2B0DBF}.Release|Mixed Platforms.ActiveCfg = Release|Any CPU
		{29F37316-AF20-4293-A32E-D3ECCF2B0DBF}.Release|Mixed Platforms.Build.0 = Release|Any CPU
		{29F37316-AF20-4293-A32E-D3ECCF2B0DBF}.Release|x86.ActiveCfg = Release|Any CPU
	EndGlobalSection
	GlobalSection(SolutionProperties) = preSolution
		HideSolutionNode = FALSE
	EndGlobalSection
EndGlobal
